<?xml version="1.0" encoding="utf-8"?>
<Project ToolsVersion="4.0" xmlns="http://schemas.microsoft.com/developer/msbuild/2003">
  <ItemGroup>
    <Filter Include="Source Files">
      <UniqueIdentifier>{4FC737F1-C7A5-4376-A066-2A32D752A2FF}</UniqueIdentifier>
      <Extensions>cpp;c;cc;cxx;def;odl;idl;hpj;bat;asm;asmx</Extensions>
    </Filter>
    <Filter Include="Header Files">
      <UniqueIdentifier>{93995380-89BD-4b04-88EB-625FBE52EBFB}</UniqueIdentifier>
      <Extensions>h;hh;hpp;hxx;hm;inl;inc;ipp;xsd</Extensions>
    </Filter>
    <Filter Include="Header Files\strings">
      <UniqueIdentifier>{0ffbdc5d-fb07-40e0-802e-8cb667b89f0c}</UniqueIdentifier>
    </Filter>
    <Filter Include="Source Files\strings">
      <UniqueIdentifier>{9e888231-3d44-4dd9-87df-dcacedc3fe6b}</UniqueIdentifier>
    </Filter>
    <Filter Include="Header Files\net">
      <UniqueIdentifier>{c3640ddc-ea9b-4750-917a-f0255851eb78}</UniqueIdentifier>
    </Filter>
    <Filter Include="Source Files\net">
      <UniqueIdentifier>{4412f557-33b8-4080-9079-b79e8ffdae58}</UniqueIdentifier>
    </Filter>
    <Filter Include="Header Files\files">
      <UniqueIdentifier>{27d2ffb8-989f-4395-8672-b1ac1b7dfe68}</UniqueIdentifier>
    </Filter>
    <Filter Include="Source Files\files">
      <UniqueIdentifier>{113c36ee-2116-4089-a190-dbea075b779a}</UniqueIdentifier>
    </Filter>
    <Filter Include="Header Files\crypto">
      <UniqueIdentifier>{a089a021-634e-48fe-b161-96da954be3ea}</UniqueIdentifier>
    </Filter>
    <Filter Include="Source Files\crypto">
      <UniqueIdentifier>{0dbec82b-4c5b-4455-bc87-e263815d5392}</UniqueIdentifier>
    </Filter>
    <Filter Include="Header Files\process">
      <UniqueIdentifier>{5d2b242b-7c58-47be-8aaa-a915e59b58cb}</UniqueIdentifier>
    </Filter>
    <Filter Include="Source Files\process">
      <UniqueIdentifier>{d71ee956-022c-4211-8802-3852a023bdfc}</UniqueIdentifier>
    </Filter>
  </ItemGroup>
  <ItemGroup>
    <ClCompile Include="_pch.cpp">
      <Filter>Source Files</Filter>
    </ClCompile>
    <ClCompile Include="..\..\src\log_win.cpp">
      <Filter>Source Files</Filter>
    </ClCompile>
    <ClCompile Include="..\..\src\strings\string_conversions_win.cpp">
      <Filter>Source Files\strings</Filter>
    </ClCompile>
    <ClCompile Include="..\..\src\strings\string_format.cpp">
      <Filter>Source Files\strings</Filter>
    </ClCompile>
    <ClCompile Include="..\..\src\net\http_constants.cpp">
      <Filter>Source Files\net</Filter>
    </ClCompile>
    <ClCompile Include="..\..\src\files\file.cpp">
      <Filter>Source Files\files</Filter>
    </ClCompile>
    <ClCompile Include="..\..\src\files\file_win.cpp">
      <Filter>Source Files\files</Filter>
    </ClCompile>
    <ClCompile Include="..\..\src\strings\string_utils.cpp">
      <Filter>Source Files\strings</Filter>
    </ClCompile>
    <ClCompile Include="..\..\src\strings\string_split.cpp">
      <Filter>Source Files\strings</Filter>
    </ClCompile>
    <ClCompile Include="..\..\src\net\uri.cpp">
      <Filter>Source Files\net</Filter>
    </ClCompile>
    <ClCompile Include="..\..\src\net\cookie_entry.cpp">
      <Filter>Source Files\net</Filter>
    </ClCompile>
    <ClCompile Include="..\..\src\net\http_codecs.cpp">
      <Filter>Source Files\net</Filter>
    </ClCompile>
    <ClCompile Include="..\..\src\crypto\common_digest.cpp">
      <Filter>Source Files\crypto</Filter>
    </ClCompile>
    <ClCompile Include="..\..\src\crypto\md5_win.cpp">
      <Filter>Source Files\crypto</Filter>
    </ClCompile>
    <ClCompile Include="..\..\src\crypto\stream_cryptor.cpp">
      <Filter>Source Files\crypto</Filter>
    </ClCompile>
    <ClCompile Include="..\..\src\process\arg_parser.cpp">
      <Filter>Source Files\process</Filter>
    </ClCompile>
    <ClCompile Include="..\..\src\files\sys_path_win.cpp">
      <Filter>Source Files\files</Filter>
    </ClCompile>
  </ItemGroup>
  <ItemGroup>
    <ClInclude Include="..\..\src\_pc.h">
      <Filter>Header Files</Filter>
    </ClInclude>
    <ClInclude Include="..\..\sdk\include\zk_log.h">
      <Filter>Header Files</Filter>
    </ClInclude>
    <ClInclude Include="..\..\sdk\include\strings\zk_string_conversions.h">
      <Filter>Header Files\strings</Filter>
    </ClInclude>
    <ClInclude Include="..\..\sdk\include\strings\zk_string_format.h">
      <Filter>Header Files\strings</Filter>
    </ClInclude>
    <ClInclude Include="..\..\sdk\include\net\zk_http_constants.h">
      <Filter>Header Files\net</Filter>
    </ClInclude>
    <ClInclude Include="..\..\sdk\include\zk_config.h">
      <Filter>Header Files</Filter>
    </ClInclude>
    <ClInclude Include="..\..\sdk\include\files\zk_file.h">
      <Filter>Header Files\files</Filter>
    </ClInclude>
    <ClInclude Include="..\..\sdk\include\strings\zk_string_utils.h">
      <Filter>Header Files\strings</Filter>
    </ClInclude>
    <ClInclude Include="..\..\sdk\include\strings\zk_string_piece.hpp">
      <Filter>Header Files\strings</Filter>
    </ClInclude>
    <ClInclude Include="..\..\sdk\include\strings\zk_string_split.h">
      <Filter>Header Files\strings</Filter>
    </ClInclude>
    <ClInclude Include="..\..\src\strings\printf_impl.hpp">
      <Filter>Source Files\strings</Filter>
    </ClInclude>
    <ClInclude Include="..\..\src\strings\split_impl.hpp">
      <Filter>Source Files\strings</Filter>
    </ClInclude>
    <ClInclude Include="..\..\src\strings\toggle_case_impl.hpp">
      <Filter>Source Files\strings</Filter>
    </ClInclude>
    <ClInclude Include="..\..\src\strings\trim_impl.hpp">
      <Filter>Source Files\strings</Filter>
    </ClInclude>
    <ClInclude Include="..\..\sdk\include\net\zk_uri.h">
      <Filter>Header Files\net</Filter>
    </ClInclude>
    <ClInclude Include="..\..\sdk\include\net\zk_cookie_entry.h">
      <Filter>Header Files\net</Filter>
    </ClInclude>
    <ClInclude Include="..\..\src\strings\compare_impl.hpp">
      <Filter>Source Files\strings</Filter>
    </ClInclude>
    <ClInclude Include="..\..\sdk\include\net\zk_http_codecs.h">
      <Filter>Header Files\net</Filter>
    </ClInclude>
    <ClInclude Include="..\..\sdk\include\crypto\zk_common_digest.h">
      <Filter>Header Files\crypto</Filter>
    </ClInclude>
    <ClInclude Include="..\..\sdk\include\crypto\zk_stream_cryptor.h">
      <Filter>Header Files\crypto</Filter>
    </ClInclude>
    <ClInclude Include="..\..\sdk\include\process\zk_arg_parser.h">
      <Filter>Header Files\process</Filter>
    </ClInclude>
    <ClInclude Include="..\..\sdk\include\files\zk_sys_path.h">
      <Filter>Header Files\files</Filter>
    </ClInclude>
  </ItemGroup>
</Project>