
Microsoft Visual Studio Solution File, Format Version 12.00
# Visual Studio Version 16
VisualStudioVersion = 16.0.28714.193
MinimumVisualStudioVersion = 10.0.40219.1
Project("{8BC9CEB8-8B4A-11D0-8D11-00A0C91BC942}") = "ZedKit", "ZedKit.vcxproj", "{EF8D9072-177D-45F4-983D-AD53412E68C9}"
EndProject
Global
	GlobalSection(SolutionConfigurationPlatforms) = preSolution
		Debug|x64 = Debug|x64
		Debug|x86 = Debug|x86
		Release|x64 = Release|x64
		Release|x86 = Release|x86
		ReleaseXP|x64 = ReleaseXP|x64
		ReleaseXP|x86 = ReleaseXP|x86
	EndGlobalSection
	GlobalSection(ProjectConfigurationPlatforms) = postSolution
		{EF8D9072-177D-45F4-983D-AD53412E68C9}.Debug|x64.ActiveCfg = Debug|x64
		{EF8D9072-177D-45F4-983D-AD53412E68C9}.Debug|x64.Build.0 = Debug|x64
		{EF8D9072-177D-45F4-983D-AD53412E68C9}.Debug|x86.ActiveCfg = Debug|Win32
		{EF8D9072-177D-45F4-983D-AD53412E68C9}.Debug|x86.Build.0 = Debug|Win32
		{EF8D9072-177D-45F4-983D-AD53412E68C9}.Release|x64.ActiveCfg = Release|x64
		{EF8D9072-177D-45F4-983D-AD53412E68C9}.Release|x64.Build.0 = Release|x64
		{EF8D9072-177D-45F4-983D-AD53412E68C9}.Release|x86.ActiveCfg = Release|Win32
		{EF8D9072-177D-45F4-983D-AD53412E68C9}.Release|x86.Build.0 = Release|Win32
		{EF8D9072-177D-45F4-983D-AD53412E68C9}.ReleaseXP|x64.ActiveCfg = Release|x64
		{EF8D9072-177D-45F4-983D-AD53412E68C9}.ReleaseXP|x64.Build.0 = Release|x64
		{EF8D9072-177D-45F4-983D-AD53412E68C9}.ReleaseXP|x86.ActiveCfg = ReleaseXP|Win32
		{EF8D9072-177D-45F4-983D-AD53412E68C9}.ReleaseXP|x86.Build.0 = ReleaseXP|Win32
	EndGlobalSection
	GlobalSection(SolutionProperties) = preSolution
		HideSolutionNode = FALSE
	EndGlobalSection
	GlobalSection(ExtensibilityGlobals) = postSolution
		SolutionGuid = {64C46C9D-5FAD-4DAC-9536-6DBBA145D2C9}
	EndGlobalSection
EndGlobal
